
Microsoft Visual Studio Solution File, Format Version 12.00
# Visual Studio Version 17
VisualStudioVersion = 17.10.35122.118
MinimumVisualStudioVersion = 10.0.40219.1
Project("{FAE04EC0-301F-11D3-BF4B-00C04F79EFBC}") = "AWS.SES", "AWS.SES\AWS.SES.csproj", "{2C00ADF2-22E0-440C-A441-4E9B2865A22A}"
EndProject
Global
	GlobalSection(SolutionConfigurationPlatforms) = preSolution
		Debug|Any CPU = Debug|Any CPU
		Release|Any CPU = Release|Any CPU
	EndGlobalSection
	GlobalSection(ProjectConfigurationPlatforms) = postSolution
		{2C00ADF2-22E0-440C-A441-4E9B2865A22A}.Debug|Any CPU.ActiveCfg = Debug|Any CPU
		{2C00ADF2-22E0-440C-A441-4E9B2865A22A}.Debug|Any CPU.Build.0 = Debug|Any CPU
		{2C00ADF2-22E0-440C-A441-4E9B2865A22A}.Release|Any CPU.ActiveCfg = Release|Any CPU
		{2C00ADF2-22E0-440C-A441-4E9B2865A22A}.Release|Any CPU.Build.0 = Release|Any CPU
	EndGlobalSection
	GlobalSection(SolutionProperties) = preSolution
		HideSolutionNode = FALSE
	EndGlobalSection
	GlobalSection(ExtensibilityGlobals) = postSolution
		SolutionGuid = {633E61FB-1E3F-4C45-8482-A899523CA450}
	EndGlobalSection
EndGlobal
